// !$*UTF8*$!
{
	archiveVersion = 1;
	classes = {
	};
	objectVersion = 50;
	objects = {

/* Begin PBXBuildFile section */
		AFF275DF21EC3F5F007D9F31 /* AppDelegate.swift in Sources */ = {isa = PBXBuildFile; fileRef = AFF275DE21EC3F5F007D9F31 /* AppDelegate.swift */; };
		AFF275E121EC3F5F007D9F31 /* ViewController.swift in Sources */ = {isa = PBXBuildFile; fileRef = AFF275E021EC3F5F007D9F31 /* ViewController.swift */; };
		AFF275E421EC3F5F007D9F31 /* Main.storyboard in Resources */ = {isa = PBXBuildFile; fileRef = AFF275E221EC3F5F007D9F31 /* Main.storyboard */; };
		AFF275E621EC3F66007D9F31 /* Assets.xcassets in Resources */ = {isa = PBXBuildFile; fileRef = AFF275E521EC3F66007D9F31 /* Assets.xcassets */; };
		AFF275E921EC3F66007D9F31 /* LaunchScreen.storyboard in Resources */ = {isa = PBXBuildFile; fileRef = AFF275E721EC3F66007D9F31 /* LaunchScreen.storyboard */; };
		AFF275F421EC3F66007D9F31 /* MenuTableViewTests.swift in Sources */ = {isa = PBXBuildFile; fileRef = AFF275F321EC3F66007D9F31 /* MenuTableViewTests.swift */; };
		AFF275FF21EC3F66007D9F31 /* MenuTableViewUITests.swift in Sources */ = {isa = PBXBuildFile; fileRef = AFF275FE21EC3F66007D9F31 /* MenuTableViewUITests.swift */; };
		AFF2760F21EC833D007D9F31 /* MenuTableView.swift in Sources */ = {isa = PBXBuildFile; fileRef = AFF2760E21EC833D007D9F31 /* MenuTableView.swift */; };
		AFF2761021EC833D007D9F31 /* MenuTableView.swift in Sources */ = {isa = PBXBuildFile; fileRef = AFF2760E21EC833D007D9F31 /* MenuTableView.swift */; };
		AFF2761121EC833D007D9F31 /* MenuTableView.swift in Sources */ = {isa = PBXBuildFile; fileRef = AFF2760E21EC833D007D9F31 /* MenuTableView.swift */; };
		AFF2761321EC8F62007D9F31 /* labelandimgCell.xib in Resources */ = {isa = PBXBuildFile; fileRef = AFF2761221EC8F62007D9F31 /* labelandimgCell.xib */; };
		AFF2761421EC8F62007D9F31 /* labelandimgCell.xib in Resources */ = {isa = PBXBuildFile; fileRef = AFF2761221EC8F62007D9F31 /* labelandimgCell.xib */; };
		AFF2761521EC8F62007D9F31 /* labelandimgCell.xib in Resources */ = {isa = PBXBuildFile; fileRef = AFF2761221EC8F62007D9F31 /* labelandimgCell.xib */; };
		AFF2761721EC9331007D9F31 /* LabelAndImgTableViewCell.swift in Sources */ = {isa = PBXBuildFile; fileRef = AFF2761621EC9331007D9F31 /* LabelAndImgTableViewCell.swift */; };
		AFF2761821EC9331007D9F31 /* LabelAndImgTableViewCell.swift in Sources */ = {isa = PBXBuildFile; fileRef = AFF2761621EC9331007D9F31 /* LabelAndImgTableViewCell.swift */; };
		AFF2761921EC9331007D9F31 /* LabelAndImgTableViewCell.swift in Sources */ = {isa = PBXBuildFile; fileRef = AFF2761621EC9331007D9F31 /* LabelAndImgTableViewCell.swift */; };
/* End PBXBuildFile section */

/* Begin PBXContainerItemProxy section */
		AFF275F021EC3F66007D9F31 /* PBXContainerItemProxy */ = {
			isa = PBXContainerItemProxy;
			containerPortal = AFF275D321EC3F5F007D9F31 /* Project object */;
			proxyType = 1;
			remoteGlobalIDString = AFF275DA21EC3F5F007D9F31;
			remoteInfo = MenuTableView;
		};
		AFF275FB21EC3F66007D9F31 /* PBXContainerItemProxy */ = {
			isa = PBXContainerItemProxy;
			containerPortal = AFF275D321EC3F5F007D9F31 /* Project object */;
			proxyType = 1;
			remoteGlobalIDString = AFF275DA21EC3F5F007D9F31;
			remoteInfo = MenuTableView;
		};
/* End PBXContainerItemProxy section */

/* Begin PBXFileReference section */
		AFF275DB21EC3F5F007D9F31 /* MenuTableView.app */ = {isa = PBXFileReference; explicitFileType = wrapper.application; includeInIndex = 0; path = MenuTableView.app; sourceTree = BUILT_PRODUCTS_DIR; };
		AFF275DE21EC3F5F007D9F31 /* AppDelegate.swift */ = {isa = PBXFileReference; lastKnownFileType = sourcecode.swift; path = AppDelegate.swift; sourceTree = "<group>"; };
		AFF275E021EC3F5F007D9F31 /* ViewController.swift */ = {isa = PBXFileReference; lastKnownFileType = sourcecode.swift; path = ViewController.swift; sourceTree = "<group>"; };
		AFF275E321EC3F5F007D9F31 /* Base */ = {isa = PBXFileReference; lastKnownFileType = file.storyboard; name = Base; path = Base.lproj/Main.storyboard; sourceTree = "<group>"; };
		AFF275E521EC3F66007D9F31 /* Assets.xcassets */ = {isa = PBXFileReference; lastKnownFileType = folder.assetcatalog; path = Assets.xcassets; sourceTree = "<group>"; };
		AFF275E821EC3F66007D9F31 /* Base */ = {isa = PBXFileReference; lastKnownFileType = file.storyboard; name = Base; path = Base.lproj/LaunchScreen.storyboard; sourceTree = "<group>"; };
		AFF275EA21EC3F66007D9F31 /* Info.plist */ = {isa = PBXFileReference; lastKnownFileType = text.plist.xml; path = Info.plist; sourceTree = "<group>"; };
		AFF275EF21EC3F66007D9F31 /* MenuTableViewTests.xctest */ = {isa = PBXFileReference; explicitFileType = wrapper.cfbundle; includeInIndex = 0; path = MenuTableViewTests.xctest; sourceTree = BUILT_PRODUCTS_DIR; };
		AFF275F321EC3F66007D9F31 /* MenuTableViewTests.swift */ = {isa = PBXFileReference; lastKnownFileType = sourcecode.swift; path = MenuTableViewTests.swift; sourceTree = "<group>"; };
		AFF275F521EC3F66007D9F31 /* Info.plist */ = {isa = PBXFileReference; lastKnownFileType = text.plist.xml; path = Info.plist; sourceTree = "<group>"; };
		AFF275FA21EC3F66007D9F31 /* MenuTableViewUITests.xctest */ = {isa = PBXFileReference; explicitFileType = wrapper.cfbundle; includeInIndex = 0; path = MenuTableViewUITests.xctest; sourceTree = BUILT_PRODUCTS_DIR; };
		AFF275FE21EC3F66007D9F31 /* MenuTableViewUITests.swift */ = {isa = PBXFileReference; lastKnownFileType = sourcecode.swift; path = MenuTableViewUITests.swift; sourceTree = "<group>"; };
		AFF2760021EC3F66007D9F31 /* Info.plist */ = {isa = PBXFileReference; lastKnownFileType = text.plist.xml; path = Info.plist; sourceTree = "<group>"; };
		AFF2760E21EC833D007D9F31 /* MenuTableView.swift */ = {isa = PBXFileReference; lastKnownFileType = sourcecode.swift; path = MenuTableView.swift; sourceTree = "<group>"; };
		AFF2761221EC8F62007D9F31 /* labelandimgCell.xib */ = {isa = PBXFileReference; lastKnownFileType = file.xib; path = labelandimgCell.xib; sourceTree = "<group>"; };
		AFF2761621EC9331007D9F31 /* LabelAndImgTableViewCell.swift */ = {isa = PBXFileReference; lastKnownFileType = sourcecode.swift; path = LabelAndImgTableViewCell.swift; sourceTree = "<group>"; };
/* End PBXFileReference section */

/* Begin PBXFrameworksBuildPhase section */
		AFF275D821EC3F5F007D9F31 /* Frameworks */ = {
			isa = PBXFrameworksBuildPhase;
			buildActionMask = 2147483647;
			files = (
			);
			runOnlyForDeploymentPostprocessing = 0;
		};
		AFF275EC21EC3F66007D9F31 /* Frameworks */ = {
			isa = PBXFrameworksBuildPhase;
			buildActionMask = 2147483647;
			files = (
			);
			runOnlyForDeploymentPostprocessing = 0;
		};
		AFF275F721EC3F66007D9F31 /* Frameworks */ = {
			isa = PBXFrameworksBuildPhase;
			buildActionMask = 2147483647;
			files = (
			);
			runOnlyForDeploymentPostprocessing = 0;
		};
/* End PBXFrameworksBuildPhase section */

/* Begin PBXGroup section */
		AFF275D221EC3F5F007D9F31 = {
			isa = PBXGroup;
			children = (
				AFF275DD21EC3F5F007D9F31 /* MenuTableView */,
				AFF275F221EC3F66007D9F31 /* MenuTableViewTests */,
				AFF275FD21EC3F66007D9F31 /* MenuTableViewUITests */,
				AFF275DC21EC3F5F007D9F31 /* Products */,
			);
			sourceTree = "<group>";
		};
		AFF275DC21EC3F5F007D9F31 /* Products */ = {
			isa = PBXGroup;
			children = (
				AFF275DB21EC3F5F007D9F31 /* MenuTableView.app */,
				AFF275EF21EC3F66007D9F31 /* MenuTableViewTests.xctest */,
				AFF275FA21EC3F66007D9F31 /* MenuTableViewUITests.xctest */,
			);
			name = Products;
			sourceTree = "<group>";
		};
		AFF275DD21EC3F5F007D9F31 /* MenuTableView */ = {
			isa = PBXGroup;
			children = (
				AFF2761A21ED7950007D9F31 /* Example */,
				AFF2760D21EC828D007D9F31 /* Class */,
			);
			name = MenuTableView;
			path = ..;
			sourceTree = "<group>";
		};
		AFF275F221EC3F66007D9F31 /* MenuTableViewTests */ = {
			isa = PBXGroup;
			children = (
				AFF275F321EC3F66007D9F31 /* MenuTableViewTests.swift */,
				AFF275F521EC3F66007D9F31 /* Info.plist */,
			);
			name = MenuTableViewTests;
			path = ../../MenuTableViewTests;
			sourceTree = "<group>";
		};
		AFF275FD21EC3F66007D9F31 /* MenuTableViewUITests */ = {
			isa = PBXGroup;
			children = (
				AFF275FE21EC3F66007D9F31 /* MenuTableViewUITests.swift */,
				AFF2760021EC3F66007D9F31 /* Info.plist */,
			);
			name = MenuTableViewUITests;
			path = ../../MenuTableViewUITests;
			sourceTree = "<group>";
		};
		AFF2760D21EC828D007D9F31 /* Class */ = {
			isa = PBXGroup;
			children = (
				AFF2760E21EC833D007D9F31 /* MenuTableView.swift */,
				AFF2761221EC8F62007D9F31 /* labelandimgCell.xib */,
				AFF2761621EC9331007D9F31 /* LabelAndImgTableViewCell.swift */,
			);
			path = Class;
			sourceTree = "<group>";
		};
		AFF2761A21ED7950007D9F31 /* Example */ = {
			isa = PBXGroup;
			children = (
				AFF275DE21EC3F5F007D9F31 /* AppDelegate.swift */,
				AFF275E521EC3F66007D9F31 /* Assets.xcassets */,
				AFF275E721EC3F66007D9F31 /* LaunchScreen.storyboard */,
				AFF275EA21EC3F66007D9F31 /* Info.plist */,
				AFF275E021EC3F5F007D9F31 /* ViewController.swift */,
				AFF275E221EC3F5F007D9F31 /* Main.storyboard */,
			);
			path = Example;
			sourceTree = "<group>";
		};
/* End PBXGroup section */

/* Begin PBXNativeTarget section */
		AFF275DA21EC3F5F007D9F31 /* MenuTableView */ = {
			isa = PBXNativeTarget;
			buildConfigurationList = AFF2760321EC3F66007D9F31 /* Build configuration list for PBXNativeTarget "MenuTableView" */;
			buildPhases = (
				AFF275D721EC3F5F007D9F31 /* Sources */,
				AFF275D821EC3F5F007D9F31 /* Frameworks */,
				AFF275D921EC3F5F007D9F31 /* Resources */,
			);
			buildRules = (
			);
			dependencies = (
			);
			name = MenuTableView;
			productName = MenuTableView;
			productReference = AFF275DB21EC3F5F007D9F31 /* MenuTableView.app */;
			productType = "com.apple.product-type.application";
		};
		AFF275EE21EC3F66007D9F31 /* MenuTableViewTests */ = {
			isa = PBXNativeTarget;
			buildConfigurationList = AFF2760621EC3F66007D9F31 /* Build configuration list for PBXNativeTarget "MenuTableViewTests" */;
			buildPhases = (
				AFF275EB21EC3F66007D9F31 /* Sources */,
				AFF275EC21EC3F66007D9F31 /* Frameworks */,
				AFF275ED21EC3F66007D9F31 /* Resources */,
			);
			buildRules = (
			);
			dependencies = (
				AFF275F121EC3F66007D9F31 /* PBXTargetDependency */,
			);
			name = MenuTableViewTests;
			productName = MenuTableViewTests;
			productReference = AFF275EF21EC3F66007D9F31 /* MenuTableViewTests.xctest */;
			productType = "com.apple.product-type.bundle.unit-test";
		};
		AFF275F921EC3F66007D9F31 /* MenuTableViewUITests */ = {
			isa = PBXNativeTarget;
			buildConfigurationList = AFF2760921EC3F66007D9F31 /* Build configuration list for PBXNativeTarget "MenuTableViewUITests" */;
			buildPhases = (
				AFF275F621EC3F66007D9F31 /* Sources */,
				AFF275F721EC3F66007D9F31 /* Frameworks */,
				AFF275F821EC3F66007D9F31 /* Resources */,
			);
			buildRules = (
			);
			dependencies = (
				AFF275FC21EC3F66007D9F31 /* PBXTargetDependency */,
			);
			name = MenuTableViewUITests;
			productName = MenuTableViewUITests;
			productReference = AFF275FA21EC3F66007D9F31 /* MenuTableViewUITests.xctest */;
			productType = "com.apple.product-type.bundle.ui-testing";
		};
/* End PBXNativeTarget section */

/* Begin PBXProject section */
		AFF275D321EC3F5F007D9F31 /* Project object */ = {
			isa = PBXProject;
			attributes = {
				LastSwiftUpdateCheck = 1010;
				LastUpgradeCheck = 1010;
				ORGANIZATIONNAME = "Don Chu";
				TargetAttributes = {
					AFF275DA21EC3F5F007D9F31 = {
						CreatedOnToolsVersion = 10.1;
					};
					AFF275EE21EC3F66007D9F31 = {
						CreatedOnToolsVersion = 10.1;
						TestTargetID = AFF275DA21EC3F5F007D9F31;
					};
					AFF275F921EC3F66007D9F31 = {
						CreatedOnToolsVersion = 10.1;
						TestTargetID = AFF275DA21EC3F5F007D9F31;
					};
				};
			};
			buildConfigurationList = AFF275D621EC3F5F007D9F31 /* Build configuration list for PBXProject "MenuTableView" */;
			compatibilityVersion = "Xcode 9.3";
			developmentRegion = en;
			hasScannedForEncodings = 0;
			knownRegions = (
				en,
				Base,
			);
			mainGroup = AFF275D221EC3F5F007D9F31;
			productRefGroup = AFF275DC21EC3F5F007D9F31 /* Products */;
			projectDirPath = "";
			projectRoot = "";
			targets = (
				AFF275DA21EC3F5F007D9F31 /* MenuTableView */,
				AFF275EE21EC3F66007D9F31 /* MenuTableViewTests */,
				AFF275F921EC3F66007D9F31 /* MenuTableViewUITests */,
			);
		};
/* End PBXProject section */

/* Begin PBXResourcesBuildPhase section */
		AFF275D921EC3F5F007D9F31 /* Resources */ = {
			isa = PBXResourcesBuildPhase;
			buildActionMask = 2147483647;
			files = (
				AFF2761321EC8F62007D9F31 /* labelandimgCell.xib in Resources */,
				AFF275E921EC3F66007D9F31 /* LaunchScreen.storyboard in Resources */,
				AFF275E621EC3F66007D9F31 /* Assets.xcassets in Resources */,
				AFF275E421EC3F5F007D9F31 /* Main.storyboard in Resources */,
			);
			runOnlyForDeploymentPostprocessing = 0;
		};
		AFF275ED21EC3F66007D9F31 /* Resources */ = {
			isa = PBXResourcesBuildPhase;
			buildActionMask = 2147483647;
			files = (
				AFF2761421EC8F62007D9F31 /* labelandimgCell.xib in Resources */,
			);
			runOnlyForDeploymentPostprocessing = 0;
		};
		AFF275F821EC3F66007D9F31 /* Resources */ = {
			isa = PBXResourcesBuildPhase;
			buildActionMask = 2147483647;
			files = (
				AFF2761521EC8F62007D9F31 /* labelandimgCell.xib in Resources */,
			);
			runOnlyForDeploymentPostprocessing = 0;
		};
/* End PBXResourcesBuildPhase section */

/* Begin PBXSourcesBuildPhase section */
		AFF275D721EC3F5F007D9F31 /* Sources */ = {
			isa = PBXSourcesBuildPhase;
			buildActionMask = 2147483647;
			files = (
				AFF2761721EC9331007D9F31 /* LabelAndImgTableViewCell.swift in Sources */,
				AFF275E121EC3F5F007D9F31 /* ViewController.swift in Sources */,
				AFF2760F21EC833D007D9F31 /* MenuTableView.swift in Sources */,
				AFF275DF21EC3F5F007D9F31 /* AppDelegate.swift in Sources */,
			);
			runOnlyForDeploymentPostprocessing = 0;
		};
		AFF275EB21EC3F66007D9F31 /* Sources */ = {
			isa = PBXSourcesBuildPhase;
			buildActionMask = 2147483647;
			files = (
				AFF2761021EC833D007D9F31 /* MenuTableView.swift in Sources */,
				AFF275F421EC3F66007D9F31 /* MenuTableViewTests.swift in Sources */,
				AFF2761821EC9331007D9F31 /* LabelAndImgTableViewCell.swift in Sources */,
			);
			runOnlyForDeploymentPostprocessing = 0;
		};
		AFF275F621EC3F66007D9F31 /* Sources */ = {
			isa = PBXSourcesBuildPhase;
			buildActionMask = 2147483647;
			files = (
				AFF2761121EC833D007D9F31 /* MenuTableView.swift in Sources */,
				AFF275FF21EC3F66007D9F31 /* MenuTableViewUITests.swift in Sources */,
				AFF2761921EC9331007D9F31 /* LabelAndImgTableViewCell.swift in Sources */,
			);
			runOnlyForDeploymentPostprocessing = 0;
		};
/* End PBXSourcesBuildPhase section */

/* Begin PBXTargetDependency section */
		AFF275F121EC3F66007D9F31 /* PBXTargetDependency */ = {
			isa = PBXTargetDependency;
			target = AFF275DA21EC3F5F007D9F31 /* MenuTableView */;
			targetProxy = AFF275F021EC3F66007D9F31 /* PBXContainerItemProxy */;
		};
		AFF275FC21EC3F66007D9F31 /* PBXTargetDependency */ = {
			isa = PBXTargetDependency;
			target = AFF275DA21EC3F5F007D9F31 /* MenuTableView */;
			targetProxy = AFF275FB21EC3F66007D9F31 /* PBXContainerItemProxy */;
		};
/* End PBXTargetDependency section */

/* Begin PBXVariantGroup section */
		AFF275E221EC3F5F007D9F31 /* Main.storyboard */ = {
			isa = PBXVariantGroup;
			children = (
				AFF275E321EC3F5F007D9F31 /* Base */,
			);
			name = Main.storyboard;
			sourceTree = "<group>";
		};
		AFF275E721EC3F66007D9F31 /* LaunchScreen.storyboard */ = {
			isa = PBXVariantGroup;
			children = (
				AFF275E821EC3F66007D9F31 /* Base */,
			);
			name = LaunchScreen.storyboard;
			sourceTree = "<group>";
		};
/* End PBXVariantGroup section */

/* Begin XCBuildConfiguration section */
		AFF2760121EC3F66007D9F31 /* Debug */ = {
			isa = XCBuildConfiguration;
			buildSettings = {
				ALWAYS_SEARCH_USER_PATHS = NO;
				CLANG_ANALYZER_NONNULL = YES;
				CLANG_ANALYZER_NUMBER_OBJECT_CONVERSION = YES_AGGRESSIVE;
				CLANG_CXX_LANGUAGE_STANDARD = "gnu++14";
				CLANG_CXX_LIBRARY = "libc++";
				CLANG_ENABLE_MODULES = YES;
				CLANG_ENABLE_OBJC_ARC = YES;
				CLANG_ENABLE_OBJC_WEAK = YES;
				CLANG_WARN_BLOCK_CAPTURE_AUTORELEASING = YES;
				CLANG_WARN_BOOL_CONVERSION = YES;
				CLANG_WARN_COMMA = YES;
				CLANG_WARN_CONSTANT_CONVERSION = YES;
				CLANG_WARN_DEPRECATED_OBJC_IMPLEMENTATIONS = YES;
				CLANG_WARN_DIRECT_OBJC_ISA_USAGE = YES_ERROR;
				CLANG_WARN_DOCUMENTATION_COMMENTS = YES;
				CLANG_WARN_EMPTY_BODY = YES;
				CLANG_WARN_ENUM_CONVERSION = YES;
				CLANG_WARN_INFINITE_RECURSION = YES;
				CLANG_WARN_INT_CONVERSION = YES;
				CLANG_WARN_NON_LITERAL_NULL_CONVERSION = YES;
				CLANG_WARN_OBJC_IMPLICIT_RETAIN_SELF = YES;
				CLANG_WARN_OBJC_LITERAL_CONVERSION = YES;
				CLANG_WARN_OBJC_ROOT_CLASS = YES_ERROR;
				CLANG_WARN_RANGE_LOOP_ANALYSIS = YES;
				CLANG_WARN_STRICT_PROTOTYPES = YES;
				CLANG_WARN_SUSPICIOUS_MOVE = YES;
				CLANG_WARN_UNGUARDED_AVAILABILITY = YES_AGGRESSIVE;
				CLANG_WARN_UNREACHABLE_CODE = YES;
				CLANG_WARN__DUPLICATE_METHOD_MATCH = YES;
				CODE_SIGN_IDENTITY = "iPhone Developer";
				COPY_PHASE_STRIP = NO;
				DEBUG_INFORMATION_FORMAT = dwarf;
				ENABLE_STRICT_OBJC_MSGSEND = YES;
				ENABLE_TESTABILITY = YES;
				GCC_C_LANGUAGE_STANDARD = gnu11;
				GCC_DYNAMIC_NO_PIC = NO;
				GCC_NO_COMMON_BLOCKS = YES;
				GCC_OPTIMIZATION_LEVEL = 0;
				GCC_PREPROCESSOR_DEFINITIONS = (
					"DEBUG=1",
					"$(inherited)",
				);
				GCC_WARN_64_TO_32_BIT_CONVERSION = YES;
				GCC_WARN_ABOUT_RETURN_TYPE = YES_ERROR;
				GCC_WARN_UNDECLARED_SELECTOR = YES;
				GCC_WARN_UNINITIALIZED_AUTOS = YES_AGGRESSIVE;
				GCC_WARN_UNUSED_FUNCTION = YES;
				GCC_WARN_UNUSED_VARIABLE = YES;
				INFOPLIST_FILE = MenuTableView/Example/info.plist;
				IPHONEOS_DEPLOYMENT_TARGET = 9.0;
				MTL_ENABLE_DEBUG_INFO = INCLUDE_SOURCE;
				MTL_FAST_MATH = YES;
				ONLY_ACTIVE_ARCH = YES;
				SDKROOT = iphoneos;
				SWIFT_ACTIVE_COMPILATION_CONDITIONS = DEBUG;
				SWIFT_OPTIMIZATION_LEVEL = "-Onone";
			};
			name = Debug;
		};
		AFF2760221EC3F66007D9F31 /* Release */ = {
			isa = XCBuildConfiguration;
			buildSettings = {
				ALWAYS_SEARCH_USER_PATHS = NO;
				CLANG_ANALYZER_NONNULL = YES;
				CLANG_ANALYZER_NUMBER_OBJECT_CONVERSION = YES_AGGRESSIVE;
				CLANG_CXX_LANGUAGE_STANDARD = "gnu++14";
				CLANG_CXX_LIBRARY = "libc++";
				CLANG_ENABLE_MODULES = YES;
				CLANG_ENABLE_OBJC_ARC = YES;
				CLANG_ENABLE_OBJC_WEAK = YES;
				CLANG_WARN_BLOCK_CAPTURE_AUTORELEASING = YES;
				CLANG_WARN_BOOL_CONVERSION = YES;
				CLANG_WARN_COMMA = YES;
				CLANG_WARN_CONSTANT_CONVERSION = YES;
				CLANG_WARN_DEPRECATED_OBJC_IMPLEMENTATIONS = YES;
				CLANG_WARN_DIRECT_OBJC_ISA_USAGE = YES_ERROR;
				CLANG_WARN_DOCUMENTATION_COMMENTS = YES;
				CLANG_WARN_EMPTY_BODY = YES;
				CLANG_WARN_ENUM_CONVERSION = YES;
				CLANG_WARN_INFINITE_RECURSION = YES;
				CLANG_WARN_INT_CONVERSION = YES;
				CLANG_WARN_NON_LITERAL_NULL_CONVERSION = YES;
				CLANG_WARN_OBJC_IMPLICIT_RETAIN_SELF = YES;
				CLANG_WARN_OBJC_LITERAL_CONVERSION = YES;
				CLANG_WARN_OBJC_ROOT_CLASS = YES_ERROR;
				CLANG_WARN_RANGE_LOOP_ANALYSIS = YES;
				CLANG_WARN_STRICT_PROTOTYPES = YES;
				CLANG_WARN_SUSPICIOUS_MOVE = YES;
				CLANG_WARN_UNGUARDED_AVAILABILITY = YES_AGGRESSIVE;
				CLANG_WARN_UNREACHABLE_CODE = YES;
				CLANG_WARN__DUPLICATE_METHOD_MATCH = YES;
				CODE_SIGN_IDENTITY = "iPhone Developer";
				COPY_PHASE_STRIP = NO;
				DEBUG_INFORMATION_FORMAT = "dwarf-with-dsym";
				ENABLE_NS_ASSERTIONS = NO;
				ENABLE_STRICT_OBJC_MSGSEND = YES;
				GCC_C_LANGUAGE_STANDARD = gnu11;
				GCC_NO_COMMON_BLOCKS = YES;
				GCC_WARN_64_TO_32_BIT_CONVERSION = YES;
				GCC_WARN_ABOUT_RETURN_TYPE = YES_ERROR;
				GCC_WARN_UNDECLARED_SELECTOR = YES;
				GCC_WARN_UNINITIALIZED_AUTOS = YES_AGGRESSIVE;
				GCC_WARN_UNUSED_FUNCTION = YES;
				GCC_WARN_UNUSED_VARIABLE = YES;
				INFOPLIST_FILE = MenuTableView/Example/info.plist;
				IPHONEOS_DEPLOYMENT_TARGET = 9.0;
				MTL_ENABLE_DEBUG_INFO = NO;
				MTL_FAST_MATH = YES;
				SDKROOT = iphoneos;
				SWIFT_COMPILATION_MODE = wholemodule;
				SWIFT_OPTIMIZATION_LEVEL = "-O";
				VALIDATE_PRODUCT = YES;
			};
			name = Release;
		};
		AFF2760421EC3F66007D9F31 /* Debug */ = {
			isa = XCBuildConfiguration;
			buildSettings = {
				ASSETCATALOG_COMPILER_APPICON_NAME = AppIcon;
				CODE_SIGN_STYLE = Automatic;
				DEVELOPMENT_TEAM = "";
				INFOPLIST_FILE = MenuTableView/Example/info.plist;
				LD_RUNPATH_SEARCH_PATHS = (
					"$(inherited)",
					"@executable_path/Frameworks",
				);
				PRODUCT_BUNDLE_IDENTIFIER = don.production.MenuTableView;
				PRODUCT_NAME = "$(TARGET_NAME)";
				SWIFT_VERSION = 4.2;
				TARGETED_DEVICE_FAMILY = "1,2";
			};
			name = Debug;
		};
		AFF2760521EC3F66007D9F31 /* Release */ = {
			isa = XCBuildConfiguration;
			buildSettings = {
				ASSETCATALOG_COMPILER_APPICON_NAME = AppIcon;
				CODE_SIGN_STYLE = Automatic;
				DEVELOPMENT_TEAM = "";
				INFOPLIST_FILE = MenuTableView/Example/info.plist;
				LD_RUNPATH_SEARCH_PATHS = (
					"$(inherited)",
					"@executable_path/Frameworks",
				);
				PRODUCT_BUNDLE_IDENTIFIER = don.production.MenuTableView;
				PRODUCT_NAME = "$(TARGET_NAME)";
				SWIFT_VERSION = 4.2;
				TARGETED_DEVICE_FAMILY = "1,2";
			};
			name = Release;
		};
		AFF2760721EC3F66007D9F31 /* Debug */ = {
			isa = XCBuildConfiguration;
			buildSettings = {
				ALWAYS_EMBED_SWIFT_STANDARD_LIBRARIES = YES;
				BUNDLE_LOADER = "$(TEST_HOST)";
				CODE_SIGN_STYLE = Automatic;
				INFOPLIST_FILE = MenuTableViewTests/Info.plist;
				LD_RUNPATH_SEARCH_PATHS = (
					"$(inherited)",
					"@executable_path/Frameworks",
					"@loader_path/Frameworks",
				);
				PRODUCT_BUNDLE_IDENTIFIER = don.production.MenuTableViewTests;
				PRODUCT_NAME = "$(TARGET_NAME)";
				SWIFT_VERSION = 4.2;
				TARGETED_DEVICE_FAMILY = "1,2";
				TEST_HOST = "$(BUILT_PRODUCTS_DIR)/MenuTableView.app/MenuTableView";
			};
			name = Debug;
		};
		AFF2760821EC3F66007D9F31 /* Release */ = {
			isa = XCBuildConfiguration;
			buildSettings = {
				ALWAYS_EMBED_SWIFT_STANDARD_LIBRARIES = YES;
				BUNDLE_LOADER = "$(TEST_HOST)";
				CODE_SIGN_STYLE = Automatic;
				INFOPLIST_FILE = MenuTableViewTests/Info.plist;
				LD_RUNPATH_SEARCH_PATHS = (
					"$(inherited)",
					"@executable_path/Frameworks",
					"@loader_path/Frameworks",
				);
				PRODUCT_BUNDLE_IDENTIFIER = don.production.MenuTableViewTests;
				PRODUCT_NAME = "$(TARGET_NAME)";
				SWIFT_VERSION = 4.2;
				TARGETED_DEVICE_FAMILY = "1,2";
				TEST_HOST = "$(BUILT_PRODUCTS_DIR)/MenuTableView.app/MenuTableView";
			};
			name = Release;
		};
		AFF2760A21EC3F66007D9F31 /* Debug */ = {
			isa = XCBuildConfiguration;
			buildSettings = {
				ALWAYS_EMBED_SWIFT_STANDARD_LIBRARIES = YES;
				CODE_SIGN_STYLE = Automatic;
				INFOPLIST_FILE = MenuTableViewUITests/Info.plist;
				LD_RUNPATH_SEARCH_PATHS = (
					"$(inherited)",
					"@executable_path/Frameworks",
					"@loader_path/Frameworks",
				);
				PRODUCT_BUNDLE_IDENTIFIER = don.production.MenuTableViewUITests;
				PRODUCT_NAME = "$(TARGET_NAME)";
				SWIFT_VERSION = 4.2;
				TARGETED_DEVICE_FAMILY = "1,2";
				TEST_TARGET_NAME = MenuTableView;
			};
			name = Debug;
		};
		AFF2760B21EC3F66007D9F31 /* Release */ = {
			isa = XCBuildConfiguration;
			buildSettings = {
				ALWAYS_EMBED_SWIFT_STANDARD_LIBRARIES = YES;
				CODE_SIGN_STYLE = Automatic;
				INFOPLIST_FILE = MenuTableViewUITests/Info.plist;
				LD_RUNPATH_SEARCH_PATHS = (
					"$(inherited)",
					"@executable_path/Frameworks",
					"@loader_path/Frameworks",
				);
				PRODUCT_BUNDLE_IDENTIFIER = don.production.MenuTableViewUITests;
				PRODUCT_NAME = "$(TARGET_NAME)";
				SWIFT_VERSION = 4.2;
				TARGETED_DEVICE_FAMILY = "1,2";
				TEST_TARGET_NAME = MenuTableView;
			};
			name = Release;
		};
/* End XCBuildConfiguration section */

/* Begin XCConfigurationList section */
		AFF275D621EC3F5F007D9F31 /* Build configuration list for PBXProject "MenuTableView" */ = {
			isa = XCConfigurationList;
			buildConfigurations = (
				AFF2760121EC3F66007D9F31 /* Debug */,
				AFF2760221EC3F66007D9F31 /* Release */,
			);
			defaultConfigurationIsVisible = 0;
			defaultConfigurationName = Release;
		};
		AFF2760321EC3F66007D9F31 /* Build configuration list for PBXNativeTarget "MenuTableView" */ = {
			isa = XCConfigurationList;
			buildConfigurations = (
				AFF2760421EC3F66007D9F31 /* Debug */,
				AFF2760521EC3F66007D9F31 /* Release */,
			);
			defaultConfigurationIsVisible = 0;
			defaultConfigurationName = Release;
		};
		AFF2760621EC3F66007D9F31 /* Build configuration list for PBXNativeTarget "MenuTableViewTests" */ = {
			isa = XCConfigurationList;
			buildConfigurations = (
				AFF2760721EC3F66007D9F31 /* Debug */,
				AFF2760821EC3F66007D9F31 /* Release */,
			);
			defaultConfigurationIsVisible = 0;
			defaultConfigurationName = Release;
		};
		AFF2760921EC3F66007D9F31 /* Build configuration list for PBXNativeTarget "MenuTableViewUITests" */ = {
			isa = XCConfigurationList;
			buildConfigurations = (
				AFF2760A21EC3F66007D9F31 /* Debug */,
				AFF2760B21EC3F66007D9F31 /* Release */,
			);
			defaultConfigurationIsVisible = 0;
			defaultConfigurationName = Release;
		};
/* End XCConfigurationList section */
	};
	rootObject = AFF275D321EC3F5F007D9F31 /* Project object */;
}
